
Microsoft Visual Studio Solution File, Format Version 12.00
# Visual Studio Version 16
VisualStudioVersion = 16.0.29519.87
MinimumVisualStudioVersion = 10.0.40219.1
Project("{FAE04EC0-301F-11D3-BF4B-00C04F79EFBC}") = "LAB05_ED2", "LAB05_ED2.csproj", "{84617E3D-A901-456E-B72A-188F845ED613}"
EndProject
Global
	GlobalSection(SolutionConfigurationPlatforms) = preSolution
		Debug|Any CPU = Debug|Any CPU
		Release|Any CPU = Release|Any CPU
	EndGlobalSection
	GlobalSection(ProjectConfigurationPlatforms) = postSolution
		{84617E3D-A901-456E-B72A-188F845ED613}.Debug|Any CPU.ActiveCfg = Debug|Any CPU
		{84617E3D-A901-456E-B72A-188F845ED613}.Debug|Any CPU.Build.0 = Debug|Any CPU
		{84617E3D-A901-456E-B72A-188F845ED613}.Release|Any CPU.ActiveCfg = Release|Any CPU
		{84617E3D-A901-456E-B72A-188F845ED613}.Release|Any CPU.Build.0 = Release|Any CPU
	EndGlobalSection
	GlobalSection(SolutionProperties) = preSolution
		HideSolutionNode = FALSE
	EndGlobalSection
	GlobalSection(ExtensibilityGlobals) = postSolution
		SolutionGuid = {64461FDD-1FBD-424B-A66B-D46F3AF95074}
	EndGlobalSection
EndGlobal
